// !$*UTF8*$!
{
	archiveVersion = 1;
	classes = {
	};
	objectVersion = 56;
	objects = {

/* Begin PBXBuildFile section */
		022DDE41299F2F0D00702B87 /* AppDelegate.swift in Sources */ = {isa = PBXBuildFile; fileRef = 022DDE40299F2F0D00702B87 /* AppDelegate.swift */; };
		022DDE43299F2F0D00702B87 /* SceneDelegate.swift in Sources */ = {isa = PBXBuildFile; fileRef = 022DDE42299F2F0D00702B87 /* SceneDelegate.swift */; };
		022DDE4A299F2F0E00702B87 /* Assets.xcassets in Resources */ = {isa = PBXBuildFile; fileRef = 022DDE49299F2F0E00702B87 /* Assets.xcassets */; };
		022DDE4D299F2F0E00702B87 /* LaunchScreen.storyboard in Resources */ = {isa = PBXBuildFile; fileRef = 022DDE4B299F2F0E00702B87 /* LaunchScreen.storyboard */; };
		022DDE56299F2F3000702B87 /* SnapKit in Frameworks */ = {isa = PBXBuildFile; productRef = 022DDE55299F2F3000702B87 /* SnapKit */; };
		022DDE5D299F2F6800702B87 /* Moya in Frameworks */ = {isa = PBXBuildFile; productRef = 022DDE5C299F2F6800702B87 /* Moya */; };
		022DDE5F299F2F6800702B87 /* ReactiveMoya in Frameworks */ = {isa = PBXBuildFile; productRef = 022DDE5E299F2F6800702B87 /* ReactiveMoya */; };
		022DDE61299F2F6800702B87 /* RxMoya in Frameworks */ = {isa = PBXBuildFile; productRef = 022DDE60299F2F6800702B87 /* RxMoya */; };
		022DDE64299F4B8700702B87 /* Then in Frameworks */ = {isa = PBXBuildFile; productRef = 022DDE63299F4B8700702B87 /* Then */; };
		5A99A25929A0AE88006FE9B2 /* TopicCollectionView.swift in Sources */ = {isa = PBXBuildFile; fileRef = 5A99A25829A0AE88006FE9B2 /* TopicCollectionView.swift */; };
		5A99A25C29A0B23A006FE9B2 /* TopicCollectionViewCell.swift in Sources */ = {isa = PBXBuildFile; fileRef = 5A99A25B29A0B23A006FE9B2 /* TopicCollectionViewCell.swift */; };
		5A99A25E29A0C82E006FE9B2 /* HotCollectionView.swift in Sources */ = {isa = PBXBuildFile; fileRef = 5A99A25D29A0C82E006FE9B2 /* HotCollectionView.swift */; };
		5A99A26029A0D899006FE9B2 /* HotCollectionViewCell.swift in Sources */ = {isa = PBXBuildFile; fileRef = 5A99A25F29A0D899006FE9B2 /* HotCollectionViewCell.swift */; };
		5A99A26329A0DBD9006FE9B2 /* HotCollectionViewHeader.swift in Sources */ = {isa = PBXBuildFile; fileRef = 5A99A26229A0DBD9006FE9B2 /* HotCollectionViewHeader.swift */; };
		5AACF2DF299F534F00D1C06B /* MainViewController.swift in Sources */ = {isa = PBXBuildFile; fileRef = 5AACF2DE299F534F00D1C06B /* MainViewController.swift */; };
		5AACF2E829A091C500D1C06B /* BaseViewController.swift in Sources */ = {isa = PBXBuildFile; fileRef = 5AACF2E729A091C500D1C06B /* BaseViewController.swift */; };
		5AACF2EB29A0944200D1C06B /* ImageLiteral.swift in Sources */ = {isa = PBXBuildFile; fileRef = 5AACF2EA29A0944200D1C06B /* ImageLiteral.swift */; };
		5AACF2EE29A094F900D1C06B /* BackButton.swift in Sources */ = {isa = PBXBuildFile; fileRef = 5AACF2ED29A094F900D1C06B /* BackButton.swift */; };
/* End PBXBuildFile section */

/* Begin PBXFileReference section */
		022DDE3D299F2F0D00702B87 /* Balanssu.app */ = {isa = PBXFileReference; explicitFileType = wrapper.application; includeInIndex = 0; path = Balanssu.app; sourceTree = BUILT_PRODUCTS_DIR; };
		022DDE40299F2F0D00702B87 /* AppDelegate.swift */ = {isa = PBXFileReference; lastKnownFileType = sourcecode.swift; path = AppDelegate.swift; sourceTree = "<group>"; };
		022DDE42299F2F0D00702B87 /* SceneDelegate.swift */ = {isa = PBXFileReference; lastKnownFileType = sourcecode.swift; path = SceneDelegate.swift; sourceTree = "<group>"; };
		022DDE49299F2F0E00702B87 /* Assets.xcassets */ = {isa = PBXFileReference; lastKnownFileType = folder.assetcatalog; path = Assets.xcassets; sourceTree = "<group>"; };
		022DDE4C299F2F0E00702B87 /* Base */ = {isa = PBXFileReference; lastKnownFileType = file.storyboard; name = Base; path = Base.lproj/LaunchScreen.storyboard; sourceTree = "<group>"; };
		022DDE4E299F2F0E00702B87 /* Info.plist */ = {isa = PBXFileReference; lastKnownFileType = text.plist.xml; path = Info.plist; sourceTree = "<group>"; };
		5A99A25829A0AE88006FE9B2 /* TopicCollectionView.swift */ = {isa = PBXFileReference; lastKnownFileType = sourcecode.swift; path = TopicCollectionView.swift; sourceTree = "<group>"; };
		5A99A25B29A0B23A006FE9B2 /* TopicCollectionViewCell.swift */ = {isa = PBXFileReference; lastKnownFileType = sourcecode.swift; path = TopicCollectionViewCell.swift; sourceTree = "<group>"; };
		5A99A25D29A0C82E006FE9B2 /* HotCollectionView.swift */ = {isa = PBXFileReference; lastKnownFileType = sourcecode.swift; path = HotCollectionView.swift; sourceTree = "<group>"; };
		5A99A25F29A0D899006FE9B2 /* HotCollectionViewCell.swift */ = {isa = PBXFileReference; lastKnownFileType = sourcecode.swift; path = HotCollectionViewCell.swift; sourceTree = "<group>"; };
		5A99A26229A0DBD9006FE9B2 /* HotCollectionViewHeader.swift */ = {isa = PBXFileReference; lastKnownFileType = sourcecode.swift; path = HotCollectionViewHeader.swift; sourceTree = "<group>"; };
		5AACF2DE299F534F00D1C06B /* MainViewController.swift */ = {isa = PBXFileReference; lastKnownFileType = sourcecode.swift; path = MainViewController.swift; sourceTree = "<group>"; };
		5AACF2E729A091C500D1C06B /* BaseViewController.swift */ = {isa = PBXFileReference; lastKnownFileType = sourcecode.swift; path = BaseViewController.swift; sourceTree = "<group>"; };
		5AACF2EA29A0944200D1C06B /* ImageLiteral.swift */ = {isa = PBXFileReference; lastKnownFileType = sourcecode.swift; path = ImageLiteral.swift; sourceTree = "<group>"; };
		5AACF2ED29A094F900D1C06B /* BackButton.swift */ = {isa = PBXFileReference; lastKnownFileType = sourcecode.swift; path = BackButton.swift; sourceTree = "<group>"; };
/* End PBXFileReference section */

/* Begin PBXFrameworksBuildPhase section */
		022DDE3A299F2F0D00702B87 /* Frameworks */ = {
			isa = PBXFrameworksBuildPhase;
			buildActionMask = 2147483647;
			files = (
				022DDE64299F4B8700702B87 /* Then in Frameworks */,
				022DDE61299F2F6800702B87 /* RxMoya in Frameworks */,
				022DDE56299F2F3000702B87 /* SnapKit in Frameworks */,
				0283DC3C29A0A79B00DBC2B5 /* YDS in Frameworks */,
				022DDE5D299F2F6800702B87 /* Moya in Frameworks */,
				022DDE5F299F2F6800702B87 /* ReactiveMoya in Frameworks */,
			);
			runOnlyForDeploymentPostprocessing = 0;
		};
/* End PBXFrameworksBuildPhase section */

/* Begin PBXGroup section */
		022DDE34299F2F0D00702B87 = {
			isa = PBXGroup;
			children = (
				022DDE3F299F2F0D00702B87 /* Balanssu */,
				022DDE3E299F2F0D00702B87 /* Products */,
			);
			sourceTree = "<group>";
		};
		022DDE3E299F2F0D00702B87 /* Products */ = {
			isa = PBXGroup;
			children = (
				022DDE3D299F2F0D00702B87 /* Balanssu.app */,
			);
			name = Products;
			sourceTree = "<group>";
		};
		022DDE3F299F2F0D00702B87 /* Balanssu */ = {
			isa = PBXGroup;
			children = (
				0283DC3329A0A57B00DBC2B5 /* fonts */,
				5AACF2D1299F515700D1C06B /* Network */,
				5AACF2D0299F512B00D1C06B /* Screens */,
				5AACF2CF299F510F00D1C06B /* Global */,
				022DDE4E299F2F0E00702B87 /* Info.plist */,
			);
			path = Balanssu;
			sourceTree = "<group>";
		};
		5A99A25729A0AE66006FE9B2 /* View */ = {
		};
			sourceTree = "<group>";
			path = HeaderView;
			);
				5A99A26229A0DBD9006FE9B2 /* HotCollectionViewHeader.swift */,
			isa = PBXGroup;
			children = (
		5A99A26129A0DB4C006FE9B2 /* HeaderView */ = {
		};
			sourceTree = "<group>";
			path = Cell;
			);
				5A99A25F29A0D899006FE9B2 /* HotCollectionViewCell.swift */,
				5A99A25B29A0B23A006FE9B2 /* TopicCollectionViewCell.swift */,
			children = (
			isa = PBXGroup;
		5A99A25A29A0B1A3006FE9B2 /* Cell */ = {
		};
			sourceTree = "<group>";
			isa = PBXGroup;
			children = (
				5A99A26129A0DB4C006FE9B2 /* HeaderView */,
				5A99A25829A0AE88006FE9B2 /* TopicCollectionView.swift */,
				5A99A25D29A0C82E006FE9B2 /* HotCollectionView.swift */,
			);
			path = View;
		5AACF2CF299F510F00D1C06B /* Global */ = {
			isa = PBXGroup;
			children = (
				5AACF2EC29A094CB00D1C06B /* DesignSystem */,
				5AACF2E929A0943100D1C06B /* Literal */,
				5AACF2E629A091AF00D1C06B /* Base */,
				5AACF2D4299F51BB00D1C06B /* Supports */,
				5AACF2D2299F519900D1C06B /* Resource */,
			);
			path = Global;
			sourceTree = "<group>";
		};
		5AACF2D0299F512B00D1C06B /* Screens */ = {
			isa = PBXGroup;
			children = (
				5AACF2DA299F52C700D1C06B /* VoteList */,
				5AACF2D9299F52C100D1C06B /* Vote */,
				5AACF2D8299F52A400D1C06B /* MyPage */,
				5AACF2D7299F528D00D1C06B /* Main */,
				5AACF2D6299F528100D1C06B /* SignUp */,
				5AACF2D5299F527300D1C06B /* SignIn */,
			);
			path = Screens;
			sourceTree = "<group>";
		};
		5AACF2D1299F515700D1C06B /* Network */ = {
			isa = PBXGroup;
			children = (
				5AACF2DD299F531500D1C06B /* DTO */,
				5AACF2DC299F530D00D1C06B /* Service */,
				5AACF2DB299F530800D1C06B /* API */,
			);
			path = Network;
			sourceTree = "<group>";
		};
		5AACF2D2299F519900D1C06B /* Resource */ = {
			isa = PBXGroup;
			children = (
				022DDE4B299F2F0E00702B87 /* LaunchScreen.storyboard */,
				5AACF2D3299F51A200D1C06B /* Font */,
				022DDE49299F2F0E00702B87 /* Assets.xcassets */,
			);
			path = Resource;
			sourceTree = "<group>";
		};
		5AACF2D3299F51A200D1C06B /* Font */ = {
			isa = PBXGroup;
			children = (
			);
			path = Font;
			sourceTree = "<group>";
		};
		5AACF2D4299F51BB00D1C06B /* Supports */ = {
			isa = PBXGroup;
			children = (
				022DDE40299F2F0D00702B87 /* AppDelegate.swift */,
				022DDE42299F2F0D00702B87 /* SceneDelegate.swift */,
			);
			path = Supports;
			sourceTree = "<group>";
		};
		5AACF2D5299F527300D1C06B /* SignIn */ = {
			isa = PBXGroup;
			children = (
				3E691FC229A0A225005CC39F /* StartViewController.swift */,
				3E691FC429A0A22D005CC39F /* LoginViewController.swift */,
			);
			path = SignIn;
			sourceTree = "<group>";
		};
		5AACF2D6299F528100D1C06B /* SignUp */ = {
			isa = PBXGroup;
			children = (
				3E691FCA29A0BFC9005CC39F /* SignUpViewController.swift */,
				3E691FCC29A0C83A005CC39F /* SignUp2ViewController.swift */,
			);
			path = SignUp;
			sourceTree = "<group>";
		};
		5AACF2D7299F528D00D1C06B /* Main */ = {
			isa = PBXGroup;
			children = (
				5A99A25A29A0B1A3006FE9B2 /* Cell */,
				5A99A25729A0AE66006FE9B2 /* View */,
				5AACF2DE299F534F00D1C06B /* MainViewController.swift */,
			);
			path = Main;
			sourceTree = "<group>";
		};
		5AACF2D8299F52A400D1C06B /* MyPage */ = {
			isa = PBXGroup;
			children = (
				0283DC4D29A0F55800DBC2B5 /* MypageViewController.swift */,
			);
			path = MyPage;
			sourceTree = "<group>";
		};
		5AACF2D9299F52C100D1C06B /* Vote */ = {
			isa = PBXGroup;
			children = (
				0283DC3D29A0AF1C00DBC2B5 /* VoteViewController.swift */,
				0283DC4529A0B4AE00DBC2B5 /* CommentListTableViewCell.swift */,
			);
			path = Vote;
			sourceTree = "<group>";
		};
		5AACF2DA299F52C700D1C06B /* VoteList */ = {
			isa = PBXGroup;
			children = (
				0283DC2729A0A0D000DBC2B5 /* VoteListViewController.swift */,
				0283DC2929A0A0EF00DBC2B5 /* VoteListTableViewCell.swift */,
			);
			path = VoteList;
			sourceTree = "<group>";
		};
		5AACF2DB299F530800D1C06B /* API */ = {
			isa = PBXGroup;
			children = (
			);
			path = API;
			sourceTree = "<group>";
		};
		5AACF2DC299F530D00D1C06B /* Service */ = {
			isa = PBXGroup;
			children = (
			);
			path = Service;
			sourceTree = "<group>";
		};
		5AACF2DD299F531500D1C06B /* DTO */ = {
			isa = PBXGroup;
			children = (
			);
			path = DTO;
			sourceTree = "<group>";
		};
		5AACF2E629A091AF00D1C06B /* Base */ = {
			isa = PBXGroup;
			children = (
				5AACF2E729A091C500D1C06B /* BaseViewController.swift */,
			);
			path = Base;
			sourceTree = "<group>";
		};
		5AACF2E929A0943100D1C06B /* Literal */ = {
			isa = PBXGroup;
			children = (
				5AACF2EA29A0944200D1C06B /* ImageLiteral.swift */,
			);
			path = Literal;
			sourceTree = "<group>";
		};
		5AACF2EC29A094CB00D1C06B /* DesignSystem */ = {
			isa = PBXGroup;
			children = (
				5AACF2ED29A094F900D1C06B /* BackButton.swift */,
				3E691FCE29A133FC005CC39F /* BalanSSUColor.swift */,
			);
			name = DesignSystem;
			sourceTree = "<group>";
		};
/* End PBXGroup section */

/* Begin PBXNativeTarget section */
		022DDE3C299F2F0D00702B87 /* Balanssu */ = {
			isa = PBXNativeTarget;
			buildConfigurationList = 022DDE51299F2F0E00702B87 /* Build configuration list for PBXNativeTarget "Balanssu" */;
			buildPhases = (
				022DDE39299F2F0D00702B87 /* Sources */,
				022DDE3A299F2F0D00702B87 /* Frameworks */,
				022DDE3B299F2F0D00702B87 /* Resources */,
			);
			buildRules = (
			);
			dependencies = (
			);
			name = Balanssu;
			packageProductDependencies = (
				022DDE55299F2F3000702B87 /* SnapKit */,
				022DDE5C299F2F6800702B87 /* Moya */,
				022DDE5E299F2F6800702B87 /* ReactiveMoya */,
				022DDE60299F2F6800702B87 /* RxMoya */,
				022DDE63299F4B8700702B87 /* Then */,
				0283DC3B29A0A79B00DBC2B5 /* YDS */,
			);
			productName = Balanssu;
			productReference = 022DDE3D299F2F0D00702B87 /* Balanssu.app */;
			productType = "com.apple.product-type.application";
		};
/* End PBXNativeTarget section */

/* Begin PBXProject section */
		022DDE35299F2F0D00702B87 /* Project object */ = {
			isa = PBXProject;
			attributes = {
				BuildIndependentTargetsInParallel = 1;
				LastSwiftUpdateCheck = 1410;
				LastUpgradeCheck = 1410;
				TargetAttributes = {
					022DDE3C299F2F0D00702B87 = {
						CreatedOnToolsVersion = 14.1;
					};
				};
			};
			buildConfigurationList = 022DDE38299F2F0D00702B87 /* Build configuration list for PBXProject "Balanssu" */;
			compatibilityVersion = "Xcode 14.0";
			developmentRegion = en;
			hasScannedForEncodings = 0;
			knownRegions = (
				en,
				Base,
			);
			mainGroup = 022DDE34299F2F0D00702B87;
			packageReferences = (
				022DDE54299F2F3000702B87 /* XCRemoteSwiftPackageReference "SnapKit" */,
				022DDE59299F2F6800702B87 /* XCRemoteSwiftPackageReference "Moya" */,
				022DDE62299F4B8700702B87 /* XCRemoteSwiftPackageReference "Then" */,
				0283DC3A29A0A79B00DBC2B5 /* XCRemoteSwiftPackageReference "YDS-iOS" */,
			);
			productRefGroup = 022DDE3E299F2F0D00702B87 /* Products */;
			projectDirPath = "";
			projectRoot = "";
			targets = (
				022DDE3C299F2F0D00702B87 /* Balanssu */,
			);
		};
/* End PBXProject section */

/* Begin PBXResourcesBuildPhase section */
		022DDE3B299F2F0D00702B87 /* Resources */ = {
			isa = PBXResourcesBuildPhase;
			buildActionMask = 2147483647;
			files = (
				022DDE4D299F2F0E00702B87 /* LaunchScreen.storyboard in Resources */,
				022DDE4A299F2F0E00702B87 /* Assets.xcassets in Resources */,
				0283DC3529A0A5D000DBC2B5 /* AppleSDGothicNeoB.ttf in Resources */,
				0283DC3729A0A5DA00DBC2B5 /* AppleSDGothicNeoM.ttf in Resources */,
				0283DC3929A0A5EF00DBC2B5 /* AppleSDGothicNeoR.ttf in Resources */,
			);
			runOnlyForDeploymentPostprocessing = 0;
		};
/* End PBXResourcesBuildPhase section */

/* Begin PBXSourcesBuildPhase section */
		022DDE39299F2F0D00702B87 /* Sources */ = {
			isa = PBXSourcesBuildPhase;
			buildActionMask = 2147483647;
			files = (
				022DDE41299F2F0D00702B87 /* AppDelegate.swift in Sources */,
				0283DC4629A0B4AE00DBC2B5 /* CommentListTableViewCell.swift in Sources */,
				3E691FCD29A0C83A005CC39F /* SignUp2ViewController.swift in Sources */,
				3E691FC329A0A225005CC39F /* StartViewController.swift in Sources */,
				5AACF2E829A091C500D1C06B /* BaseViewController.swift in Sources */,
				5A99A25E29A0C82E006FE9B2 /* HotCollectionView.swift in Sources */,
				5AACF2EE29A094F900D1C06B /* BackButton.swift in Sources */,
				0283DC2A29A0A0EF00DBC2B5 /* VoteListTableViewCell.swift in Sources */,
				3E691FC529A0A22D005CC39F /* LoginViewController.swift in Sources */,
				022DDE43299F2F0D00702B87 /* SceneDelegate.swift in Sources */,
				3E691FCB29A0BFC9005CC39F /* SignUpViewController.swift in Sources */,
				5AACF2DF299F534F00D1C06B /* MainViewController.swift in Sources */,
				5A99A26029A0D899006FE9B2 /* HotCollectionViewCell.swift in Sources */,
				5A99A25929A0AE88006FE9B2 /* TopicCollectionView.swift in Sources */,
				5A99A25C29A0B23A006FE9B2 /* TopicCollectionViewCell.swift in Sources */,
				5A99A26329A0DBD9006FE9B2 /* HotCollectionViewHeader.swift in Sources */,
				5AACF2EB29A0944200D1C06B /* ImageLiteral.swift in Sources */,
				0283DC4E29A0F55800DBC2B5 /* MypageViewController.swift in Sources */,
			);
			runOnlyForDeploymentPostprocessing = 0;
		};
/* End PBXSourcesBuildPhase section */

/* Begin PBXVariantGroup section */
		022DDE4B299F2F0E00702B87 /* LaunchScreen.storyboard */ = {
			isa = PBXVariantGroup;
			children = (
				022DDE4C299F2F0E00702B87 /* Base */,
			);
			name = LaunchScreen.storyboard;
			sourceTree = "<group>";
		};
/* End PBXVariantGroup section */

/* Begin XCBuildConfiguration section */
		022DDE4F299F2F0E00702B87 /* Debug */ = {
			isa = XCBuildConfiguration;
			buildSettings = {
				ALWAYS_SEARCH_USER_PATHS = NO;
				CLANG_ANALYZER_NONNULL = YES;
				CLANG_ANALYZER_NUMBER_OBJECT_CONVERSION = YES_AGGRESSIVE;
				CLANG_CXX_LANGUAGE_STANDARD = "gnu++20";
				CLANG_ENABLE_MODULES = YES;
				CLANG_ENABLE_OBJC_ARC = YES;
				CLANG_ENABLE_OBJC_WEAK = YES;
				CLANG_WARN_BLOCK_CAPTURE_AUTORELEASING = YES;
				CLANG_WARN_BOOL_CONVERSION = YES;
				CLANG_WARN_COMMA = YES;
				CLANG_WARN_CONSTANT_CONVERSION = YES;
				CLANG_WARN_DEPRECATED_OBJC_IMPLEMENTATIONS = YES;
				CLANG_WARN_DIRECT_OBJC_ISA_USAGE = YES_ERROR;
				CLANG_WARN_DOCUMENTATION_COMMENTS = YES;
				CLANG_WARN_EMPTY_BODY = YES;
				CLANG_WARN_ENUM_CONVERSION = YES;
				CLANG_WARN_INFINITE_RECURSION = YES;
				CLANG_WARN_INT_CONVERSION = YES;
				CLANG_WARN_NON_LITERAL_NULL_CONVERSION = YES;
				CLANG_WARN_OBJC_IMPLICIT_RETAIN_SELF = YES;
				CLANG_WARN_OBJC_LITERAL_CONVERSION = YES;
				CLANG_WARN_OBJC_ROOT_CLASS = YES_ERROR;
				CLANG_WARN_QUOTED_INCLUDE_IN_FRAMEWORK_HEADER = YES;
				CLANG_WARN_RANGE_LOOP_ANALYSIS = YES;
				CLANG_WARN_STRICT_PROTOTYPES = YES;
				CLANG_WARN_SUSPICIOUS_MOVE = YES;
				CLANG_WARN_UNGUARDED_AVAILABILITY = YES_AGGRESSIVE;
				CLANG_WARN_UNREACHABLE_CODE = YES;
				CLANG_WARN__DUPLICATE_METHOD_MATCH = YES;
				COPY_PHASE_STRIP = NO;
				DEBUG_INFORMATION_FORMAT = dwarf;
				ENABLE_STRICT_OBJC_MSGSEND = YES;
				ENABLE_TESTABILITY = YES;
				GCC_C_LANGUAGE_STANDARD = gnu11;
				GCC_DYNAMIC_NO_PIC = NO;
				GCC_NO_COMMON_BLOCKS = YES;
				GCC_OPTIMIZATION_LEVEL = 0;
				GCC_PREPROCESSOR_DEFINITIONS = (
					"DEBUG=1",
					"$(inherited)",
				);
				GCC_WARN_64_TO_32_BIT_CONVERSION = YES;
				GCC_WARN_ABOUT_RETURN_TYPE = YES_ERROR;
				GCC_WARN_UNDECLARED_SELECTOR = YES;
				GCC_WARN_UNINITIALIZED_AUTOS = YES_AGGRESSIVE;
				GCC_WARN_UNUSED_FUNCTION = YES;
				GCC_WARN_UNUSED_VARIABLE = YES;
				IPHONEOS_DEPLOYMENT_TARGET = 15.0;
				MTL_ENABLE_DEBUG_INFO = INCLUDE_SOURCE;
				MTL_FAST_MATH = YES;
				ONLY_ACTIVE_ARCH = YES;
				SDKROOT = iphoneos;
				SWIFT_ACTIVE_COMPILATION_CONDITIONS = DEBUG;
				SWIFT_OPTIMIZATION_LEVEL = "-Onone";
			};
			name = Debug;
		};
		022DDE50299F2F0E00702B87 /* Release */ = {
			isa = XCBuildConfiguration;
			buildSettings = {
				ALWAYS_SEARCH_USER_PATHS = NO;
				CLANG_ANALYZER_NONNULL = YES;
				CLANG_ANALYZER_NUMBER_OBJECT_CONVERSION = YES_AGGRESSIVE;
				CLANG_CXX_LANGUAGE_STANDARD = "gnu++20";
				CLANG_ENABLE_MODULES = YES;
				CLANG_ENABLE_OBJC_ARC = YES;
				CLANG_ENABLE_OBJC_WEAK = YES;
				CLANG_WARN_BLOCK_CAPTURE_AUTORELEASING = YES;
				CLANG_WARN_BOOL_CONVERSION = YES;
				CLANG_WARN_COMMA = YES;
				CLANG_WARN_CONSTANT_CONVERSION = YES;
				CLANG_WARN_DEPRECATED_OBJC_IMPLEMENTATIONS = YES;
				CLANG_WARN_DIRECT_OBJC_ISA_USAGE = YES_ERROR;
				CLANG_WARN_DOCUMENTATION_COMMENTS = YES;
				CLANG_WARN_EMPTY_BODY = YES;
				CLANG_WARN_ENUM_CONVERSION = YES;
				CLANG_WARN_INFINITE_RECURSION = YES;
				CLANG_WARN_INT_CONVERSION = YES;
				CLANG_WARN_NON_LITERAL_NULL_CONVERSION = YES;
				CLANG_WARN_OBJC_IMPLICIT_RETAIN_SELF = YES;
				CLANG_WARN_OBJC_LITERAL_CONVERSION = YES;
				CLANG_WARN_OBJC_ROOT_CLASS = YES_ERROR;
				CLANG_WARN_QUOTED_INCLUDE_IN_FRAMEWORK_HEADER = YES;
				CLANG_WARN_RANGE_LOOP_ANALYSIS = YES;
				CLANG_WARN_STRICT_PROTOTYPES = YES;
				CLANG_WARN_SUSPICIOUS_MOVE = YES;
				CLANG_WARN_UNGUARDED_AVAILABILITY = YES_AGGRESSIVE;
				CLANG_WARN_UNREACHABLE_CODE = YES;
				CLANG_WARN__DUPLICATE_METHOD_MATCH = YES;
				COPY_PHASE_STRIP = NO;
				DEBUG_INFORMATION_FORMAT = "dwarf-with-dsym";
				ENABLE_NS_ASSERTIONS = NO;
				ENABLE_STRICT_OBJC_MSGSEND = YES;
				GCC_C_LANGUAGE_STANDARD = gnu11;
				GCC_NO_COMMON_BLOCKS = YES;
				GCC_WARN_64_TO_32_BIT_CONVERSION = YES;
				GCC_WARN_ABOUT_RETURN_TYPE = YES_ERROR;
				GCC_WARN_UNDECLARED_SELECTOR = YES;
				GCC_WARN_UNINITIALIZED_AUTOS = YES_AGGRESSIVE;
				GCC_WARN_UNUSED_FUNCTION = YES;
				GCC_WARN_UNUSED_VARIABLE = YES;
				IPHONEOS_DEPLOYMENT_TARGET = 15.0;
				MTL_ENABLE_DEBUG_INFO = NO;
				MTL_FAST_MATH = YES;
				SDKROOT = iphoneos;
				SWIFT_COMPILATION_MODE = wholemodule;
				SWIFT_OPTIMIZATION_LEVEL = "-O";
				VALIDATE_PRODUCT = YES;
			};
			name = Release;
		};
		022DDE52299F2F0E00702B87 /* Debug */ = {
			isa = XCBuildConfiguration;
			buildSettings = {
				ASSETCATALOG_COMPILER_APPICON_NAME = AppIcon;
				ASSETCATALOG_COMPILER_GLOBAL_ACCENT_COLOR_NAME = AccentColor;
				CODE_SIGN_STYLE = Automatic;
				CURRENT_PROJECT_VERSION = 1;
				DEVELOPMENT_TEAM = SP5RUYUBZY;
				GENERATE_INFOPLIST_FILE = YES;
				INFOPLIST_FILE = Balanssu/Info.plist;
				INFOPLIST_KEY_UIApplicationSupportsIndirectInputEvents = YES;
				INFOPLIST_KEY_UILaunchStoryboardName = LaunchScreen.storyboard;
				INFOPLIST_KEY_UISupportedInterfaceOrientations_iPad = "UIInterfaceOrientationPortrait UIInterfaceOrientationPortraitUpsideDown UIInterfaceOrientationLandscapeLeft UIInterfaceOrientationLandscapeRight";
				INFOPLIST_KEY_UISupportedInterfaceOrientations_iPhone = "UIInterfaceOrientationPortrait UIInterfaceOrientationLandscapeLeft UIInterfaceOrientationLandscapeRight";
				IPHONEOS_DEPLOYMENT_TARGET = 15.0;
				LD_RUNPATH_SEARCH_PATHS = (
					"$(inherited)",
					"@executable_path/Frameworks",
				);
				MARKETING_VERSION = 1.0;
				PRODUCT_BUNDLE_IDENTIFIER = net.joeun.Balanssu;
				PRODUCT_NAME = "$(TARGET_NAME)";
				SWIFT_EMIT_LOC_STRINGS = YES;
				SWIFT_VERSION = 5.0;
				TARGETED_DEVICE_FAMILY = "1,2";
			};
			name = Debug;
		};
		022DDE53299F2F0E00702B87 /* Release */ = {
			isa = XCBuildConfiguration;
			buildSettings = {
				ASSETCATALOG_COMPILER_APPICON_NAME = AppIcon;
				ASSETCATALOG_COMPILER_GLOBAL_ACCENT_COLOR_NAME = AccentColor;
				CODE_SIGN_STYLE = Automatic;
				CURRENT_PROJECT_VERSION = 1;
				DEVELOPMENT_TEAM = SP5RUYUBZY;
				GENERATE_INFOPLIST_FILE = YES;
				INFOPLIST_FILE = Balanssu/Info.plist;
				INFOPLIST_KEY_UIApplicationSupportsIndirectInputEvents = YES;
				INFOPLIST_KEY_UILaunchStoryboardName = LaunchScreen.storyboard;
				INFOPLIST_KEY_UISupportedInterfaceOrientations_iPad = "UIInterfaceOrientationPortrait UIInterfaceOrientationPortraitUpsideDown UIInterfaceOrientationLandscapeLeft UIInterfaceOrientationLandscapeRight";
				INFOPLIST_KEY_UISupportedInterfaceOrientations_iPhone = "UIInterfaceOrientationPortrait UIInterfaceOrientationLandscapeLeft UIInterfaceOrientationLandscapeRight";
				IPHONEOS_DEPLOYMENT_TARGET = 15.0;
				LD_RUNPATH_SEARCH_PATHS = (
					"$(inherited)",
					"@executable_path/Frameworks",
				);
				MARKETING_VERSION = 1.0;
				PRODUCT_BUNDLE_IDENTIFIER = net.joeun.Balanssu;
				PRODUCT_NAME = "$(TARGET_NAME)";
				SWIFT_EMIT_LOC_STRINGS = YES;
				SWIFT_VERSION = 5.0;
				TARGETED_DEVICE_FAMILY = "1,2";
			};
			name = Release;
		};
/* End XCBuildConfiguration section */

/* Begin XCConfigurationList section */
		022DDE38299F2F0D00702B87 /* Build configuration list for PBXProject "Balanssu" */ = {
			isa = XCConfigurationList;
			buildConfigurations = (
				022DDE4F299F2F0E00702B87 /* Debug */,
				022DDE50299F2F0E00702B87 /* Release */,
			);
			defaultConfigurationIsVisible = 0;
			defaultConfigurationName = Release;
		};
		022DDE51299F2F0E00702B87 /* Build configuration list for PBXNativeTarget "Balanssu" */ = {
			isa = XCConfigurationList;
			buildConfigurations = (
				022DDE52299F2F0E00702B87 /* Debug */,
				022DDE53299F2F0E00702B87 /* Release */,
			);
			defaultConfigurationIsVisible = 0;
			defaultConfigurationName = Release;
		};
/* End XCConfigurationList section */

/* Begin XCRemoteSwiftPackageReference section */
		022DDE54299F2F3000702B87 /* XCRemoteSwiftPackageReference "SnapKit" */ = {
			isa = XCRemoteSwiftPackageReference;
			repositoryURL = "https://github.com/SnapKit/SnapKit.git";
			requirement = {
				branch = develop;
				kind = branch;
			};
		};
		022DDE59299F2F6800702B87 /* XCRemoteSwiftPackageReference "Moya" */ = {
			isa = XCRemoteSwiftPackageReference;
			repositoryURL = "https://github.com/Moya/Moya";
			requirement = {
				branch = master;
				kind = branch;
			};
		};
		022DDE62299F4B8700702B87 /* XCRemoteSwiftPackageReference "Then" */ = {
			isa = XCRemoteSwiftPackageReference;
			repositoryURL = "https://github.com/devxoul/Then";
			requirement = {
				kind = upToNextMajorVersion;
				minimumVersion = 3.0.0;
			};
		};
		0283DC3A29A0A79B00DBC2B5 /* XCRemoteSwiftPackageReference "YDS-iOS" */ = {
			isa = XCRemoteSwiftPackageReference;
			repositoryURL = "https://github.com/yourssu/YDS-iOS";
			requirement = {
				kind = upToNextMajorVersion;
				minimumVersion = 2.0.0;
			};
		};
/* End XCRemoteSwiftPackageReference section */

/* Begin XCSwiftPackageProductDependency section */
		022DDE55299F2F3000702B87 /* SnapKit */ = {
			isa = XCSwiftPackageProductDependency;
			package = 022DDE54299F2F3000702B87 /* XCRemoteSwiftPackageReference "SnapKit" */;
			productName = SnapKit;
		};
		022DDE5C299F2F6800702B87 /* Moya */ = {
			isa = XCSwiftPackageProductDependency;
			package = 022DDE59299F2F6800702B87 /* XCRemoteSwiftPackageReference "Moya" */;
			productName = Moya;
		};
		022DDE5E299F2F6800702B87 /* ReactiveMoya */ = {
			isa = XCSwiftPackageProductDependency;
			package = 022DDE59299F2F6800702B87 /* XCRemoteSwiftPackageReference "Moya" */;
			productName = ReactiveMoya;
		};
		022DDE60299F2F6800702B87 /* RxMoya */ = {
			isa = XCSwiftPackageProductDependency;
			package = 022DDE59299F2F6800702B87 /* XCRemoteSwiftPackageReference "Moya" */;
			productName = RxMoya;
		};
		022DDE63299F4B8700702B87 /* Then */ = {
			isa = XCSwiftPackageProductDependency;
			package = 022DDE62299F4B8700702B87 /* XCRemoteSwiftPackageReference "Then" */;
			productName = Then;
		};
		0283DC3B29A0A79B00DBC2B5 /* YDS */ = {
			isa = XCSwiftPackageProductDependency;
			package = 0283DC3A29A0A79B00DBC2B5 /* XCRemoteSwiftPackageReference "YDS-iOS" */;
			productName = YDS;
		};
/* End XCSwiftPackageProductDependency section */
	};
	rootObject = 022DDE35299F2F0D00702B87 /* Project object */;
}
